
Microsoft Visual Studio Solution File, Format Version 12.00
# Visual Studio Version 17
VisualStudioVersion = 17.0.31919.166
MinimumVisualStudioVersion = 10.0.40219.1
Project("{FAE04EC0-301F-11D3-BF4B-00C04F79EFBC}") = "addressbook-web-tests", "addressbook-web-tests.csproj", "{2EF95947-7100-479C-83BD-5753AA6F0874}"
EndProject
Project("{FAE04EC0-301F-11D3-BF4B-00C04F79EFBC}") = "addressbook-test-data-generators", "..\addressbook-test-data-generators\addressbook-test-data-generators.csproj", "{A9FA510F-0142-40B4-9CC3-1A05283C4C33}"
	ProjectSection(ProjectDependencies) = postProject
		{2EF95947-7100-479C-83BD-5753AA6F0874} = {2EF95947-7100-479C-83BD-5753AA6F0874}
	EndProjectSection
EndProject
Global
	GlobalSection(SolutionConfigurationPlatforms) = preSolution
		Debug|Any CPU = Debug|Any CPU
		Release|Any CPU = Release|Any CPU
	EndGlobalSection
	GlobalSection(ProjectConfigurationPlatforms) = postSolution
		{2EF95947-7100-479C-83BD-5753AA6F0874}.Debug|Any CPU.ActiveCfg = Debug|Any CPU
		{2EF95947-7100-479C-83BD-5753AA6F0874}.Debug|Any CPU.Build.0 = Debug|Any CPU
		{2EF95947-7100-479C-83BD-5753AA6F0874}.Release|Any CPU.ActiveCfg = Release|Any CPU
		{2EF95947-7100-479C-83BD-5753AA6F0874}.Release|Any CPU.Build.0 = Release|Any CPU
		{A9FA510F-0142-40B4-9CC3-1A05283C4C33}.Debug|Any CPU.ActiveCfg = Debug|Any CPU
		{A9FA510F-0142-40B4-9CC3-1A05283C4C33}.Debug|Any CPU.Build.0 = Debug|Any CPU
		{A9FA510F-0142-40B4-9CC3-1A05283C4C33}.Release|Any CPU.ActiveCfg = Release|Any CPU
		{A9FA510F-0142-40B4-9CC3-1A05283C4C33}.Release|Any CPU.Build.0 = Release|Any CPU
	EndGlobalSection
	GlobalSection(SolutionProperties) = preSolution
		HideSolutionNode = FALSE
	EndGlobalSection
	GlobalSection(ExtensibilityGlobals) = postSolution
		SolutionGuid = {9A1D61B4-70A6-46D4-822A-A73F0BFF0BE1}
	EndGlobalSection
EndGlobal
